// !$*UTF8*$!
{
	archiveVersion = 1;
	classes = {
	};
	objectVersion = 46;
	objects = {

/* Begin PBXBuildFile section */
		F8C4F5021CFB0FE100FEB87D /* PlaylistDetailViewController.swift in Sources */ = {isa = PBXBuildFile; fileRef = F8C4F5011CFB0FE100FEB87D /* PlaylistDetailViewController.swift */; };
		F8CD5AFE1CFA8816003D2F13 /* AppDelegate.swift in Sources */ = {isa = PBXBuildFile; fileRef = F8CD5AFD1CFA8816003D2F13 /* AppDelegate.swift */; };
		F8CD5B001CFA8816003D2F13 /* PlaylistMasterViewController.swift in Sources */ = {isa = PBXBuildFile; fileRef = F8CD5AFF1CFA8816003D2F13 /* PlaylistMasterViewController.swift */; };
		F8CD5B031CFA8816003D2F13 /* Main.storyboard in Resources */ = {isa = PBXBuildFile; fileRef = F8CD5B011CFA8816003D2F13 /* Main.storyboard */; };
		F8CD5B051CFA8816003D2F13 /* Assets.xcassets in Resources */ = {isa = PBXBuildFile; fileRef = F8CD5B041CFA8816003D2F13 /* Assets.xcassets */; };
		F8CD5B081CFA8816003D2F13 /* LaunchScreen.storyboard in Resources */ = {isa = PBXBuildFile; fileRef = F8CD5B061CFA8816003D2F13 /* LaunchScreen.storyboard */; };
/* End PBXBuildFile section */

/* Begin PBXFileReference section */
		F8C4F5011CFB0FE100FEB87D /* PlaylistDetailViewController.swift */ = {isa = PBXFileReference; fileEncoding = 4; lastKnownFileType = sourcecode.swift; path = PlaylistDetailViewController.swift; sourceTree = "<group>"; };
		F8CD5AFA1CFA8816003D2F13 /* Playlist.app */ = {isa = PBXFileReference; explicitFileType = wrapper.application; includeInIndex = 0; path = Playlist.app; sourceTree = BUILT_PRODUCTS_DIR; };
		F8CD5AFD1CFA8816003D2F13 /* AppDelegate.swift */ = {isa = PBXFileReference; lastKnownFileType = sourcecode.swift; path = AppDelegate.swift; sourceTree = "<group>"; };
		F8CD5AFF1CFA8816003D2F13 /* PlaylistMasterViewController.swift */ = {isa = PBXFileReference; lastKnownFileType = sourcecode.swift; path = PlaylistMasterViewController.swift; sourceTree = "<group>"; };
		F8CD5B021CFA8816003D2F13 /* Base */ = {isa = PBXFileReference; lastKnownFileType = file.storyboard; name = Base; path = Base.lproj/Main.storyboard; sourceTree = "<group>"; };
		F8CD5B041CFA8816003D2F13 /* Assets.xcassets */ = {isa = PBXFileReference; lastKnownFileType = folder.assetcatalog; path = Assets.xcassets; sourceTree = "<group>"; };
		F8CD5B071CFA8816003D2F13 /* Base */ = {isa = PBXFileReference; lastKnownFileType = file.storyboard; name = Base; path = Base.lproj/LaunchScreen.storyboard; sourceTree = "<group>"; };
		F8CD5B091CFA8816003D2F13 /* Info.plist */ = {isa = PBXFileReference; lastKnownFileType = text.plist.xml; path = Info.plist; sourceTree = "<group>"; };
/* End PBXFileReference section */

/* Begin PBXFrameworksBuildPhase section */
		F8CD5AF71CFA8816003D2F13 /* Frameworks */ = {
			isa = PBXFrameworksBuildPhase;
			buildActionMask = 2147483647;
			files = (
			);
			runOnlyForDeploymentPostprocessing = 0;
		};
/* End PBXFrameworksBuildPhase section */

/* Begin PBXGroup section */
		F8CD5AF11CFA8816003D2F13 = {
			isa = PBXGroup;
			children = (
				F8CD5AFC1CFA8816003D2F13 /* Playlist */,
				F8CD5AFB1CFA8816003D2F13 /* Products */,
			);
			sourceTree = "<group>";
		};
		F8CD5AFB1CFA8816003D2F13 /* Products */ = {
			isa = PBXGroup;
			children = (
				F8CD5AFA1CFA8816003D2F13 /* Playlist.app */,
			);
			name = Products;
			sourceTree = "<group>";
		};
		F8CD5AFC1CFA8816003D2F13 /* Playlist */ = {
			isa = PBXGroup;
			children = (
				F8CD5AFD1CFA8816003D2F13 /* AppDelegate.swift */,
				F8CD5AFF1CFA8816003D2F13 /* PlaylistMasterViewController.swift */,
				F8C4F5011CFB0FE100FEB87D /* PlaylistDetailViewController.swift */,
				F8CD5B011CFA8816003D2F13 /* Main.storyboard */,
				F8CD5B041CFA8816003D2F13 /* Assets.xcassets */,
				F8CD5B061CFA8816003D2F13 /* LaunchScreen.storyboard */,
				F8CD5B091CFA8816003D2F13 /* Info.plist */,
			);
			path = Playlist;
			sourceTree = "<group>";
		};
/* End PBXGroup section */

/* Begin PBXNativeTarget section */
		F8CD5AF91CFA8816003D2F13 /* Playlist */ = {
			isa = PBXNativeTarget;
			buildConfigurationList = F8CD5B0C1CFA8816003D2F13 /* Build configuration list for PBXNativeTarget "Playlist" */;
			buildPhases = (
				F8CD5AF61CFA8816003D2F13 /* Sources */,
				F8CD5AF71CFA8816003D2F13 /* Frameworks */,
				F8CD5AF81CFA8816003D2F13 /* Resources */,
			);
			buildRules = (
			);
			dependencies = (
			);
			name = Playlist;
			productName = Playlist;
			productReference = F8CD5AFA1CFA8816003D2F13 /* Playlist.app */;
			productType = "com.apple.product-type.application";
		};
/* End PBXNativeTarget section */

/* Begin PBXProject section */
		F8CD5AF21CFA8816003D2F13 /* Project object */ = {
			isa = PBXProject;
			attributes = {
				LastSwiftUpdateCheck = 0730;
				LastUpgradeCheck = 0730;
				ORGANIZATIONNAME = Cookrin;
				TargetAttributes = {
					F8CD5AF91CFA8816003D2F13 = {
						CreatedOnToolsVersion = 7.3.1;
					};
				};
			};
			buildConfigurationList = F8CD5AF51CFA8816003D2F13 /* Build configuration list for PBXProject "Playlist" */;
			compatibilityVersion = "Xcode 3.2";
			developmentRegion = English;
			hasScannedForEncodings = 0;
			knownRegions = (
				en,
				Base,
			);
			mainGroup = F8CD5AF11CFA8816003D2F13;
			productRefGroup = F8CD5AFB1CFA8816003D2F13 /* Products */;
			projectDirPath = "";
			projectRoot = "";
			targets = (
				F8CD5AF91CFA8816003D2F13 /* Playlist */,
			);
		};
/* End PBXProject section */

/* Begin PBXResourcesBuildPhase section */
		F8CD5AF81CFA8816003D2F13 /* Resources */ = {
			isa = PBXResourcesBuildPhase;
			buildActionMask = 2147483647;
			files = (
				F8CD5B081CFA8816003D2F13 /* LaunchScreen.storyboard in Resources */,
				F8CD5B051CFA8816003D2F13 /* Assets.xcassets in Resources */,
				F8CD5B031CFA8816003D2F13 /* Main.storyboard in Resources */,
			);
			runOnlyForDeploymentPostprocessing = 0;
		};
/* End PBXResourcesBuildPhase section */

/* Begin PBXSourcesBuildPhase section */
		F8CD5AF61CFA8816003D2F13 /* Sources */ = {
			isa = PBXSourcesBuildPhase;
			buildActionMask = 2147483647;
			files = (
				F8C4F5021CFB0FE100FEB87D /* PlaylistDetailViewController.swift in Sources */,
				F8CD5B001CFA8816003D2F13 /* PlaylistMasterViewController.swift in Sources */,
				F8CD5AFE1CFA8816003D2F13 /* AppDelegate.swift in Sources */,
			);
			runOnlyForDeploymentPostprocessing = 0;
		};
/* End PBXSourcesBuildPhase section */

/* Begin PBXVariantGroup section */
		F8CD5B011CFA8816003D2F13 /* Main.storyboard */ = {
			isa = PBXVariantGroup;
			children = (
				F8CD5B021CFA8816003D2F13 /* Base */,
			);
			name = Main.storyboard;
			sourceTree = "<group>";
		};
		F8CD5B061CFA8816003D2F13 /* LaunchScreen.storyboard */ = {
			isa = PBXVariantGroup;
			children = (
				F8CD5B071CFA8816003D2F13 /* Base */,
			);
			name = LaunchScreen.storyboard;
			sourceTree = "<group>";
		};
/* End PBXVariantGroup section */

/* Begin XCBuildConfiguration section */
		F8CD5B0A1CFA8816003D2F13 /* Debug */ = {
			isa = XCBuildConfiguration;
			buildSettings = {
				ALWAYS_SEARCH_USER_PATHS = NO;
				CLANG_ANALYZER_NONNULL = YES;
				CLANG_CXX_LANGUAGE_STANDARD = "gnu++0x";
				CLANG_CXX_LIBRARY = "libc++";
				CLANG_ENABLE_MODULES = YES;
				CLANG_ENABLE_OBJC_ARC = YES;
				CLANG_WARN_BOOL_CONVERSION = YES;
				CLANG_WARN_CONSTANT_CONVERSION = YES;
				CLANG_WARN_DIRECT_OBJC_ISA_USAGE = YES_ERROR;
				CLANG_WARN_EMPTY_BODY = YES;
				CLANG_WARN_ENUM_CONVERSION = YES;
				CLANG_WARN_INT_CONVERSION = YES;
				CLANG_WARN_OBJC_ROOT_CLASS = YES_ERROR;
				CLANG_WARN_UNREACHABLE_CODE = YES;
				CLANG_WARN__DUPLICATE_METHOD_MATCH = YES;
				"CODE_SIGN_IDENTITY[sdk=iphoneos*]" = "iPhone Developer";
				COPY_PHASE_STRIP = NO;
				DEBUG_INFORMATION_FORMAT = dwarf;
				ENABLE_STRICT_OBJC_MSGSEND = YES;
				ENABLE_TESTABILITY = YES;
				GCC_C_LANGUAGE_STANDARD = gnu99;
				GCC_DYNAMIC_NO_PIC = NO;
				GCC_NO_COMMON_BLOCKS = YES;
				GCC_OPTIMIZATION_LEVEL = 0;
				GCC_PREPROCESSOR_DEFINITIONS = (
					"DEBUG=1",
					"$(inherited)",
				);
				GCC_WARN_64_TO_32_BIT_CONVERSION = YES;
				GCC_WARN_ABOUT_RETURN_TYPE = YES_ERROR;
				GCC_WARN_UNDECLARED_SELECTOR = YES;
				GCC_WARN_UNINITIALIZED_AUTOS = YES_AGGRESSIVE;
				GCC_WARN_UNUSED_FUNCTION = YES;
				GCC_WARN_UNUSED_VARIABLE = YES;
				IPHONEOS_DEPLOYMENT_TARGET = 9.3;
				MTL_ENABLE_DEBUG_INFO = YES;
				ONLY_ACTIVE_ARCH = YES;
				SDKROOT = iphoneos;
				SWIFT_OPTIMIZATION_LEVEL = "-Onone";
			};
			name = Debug;
		};
		F8CD5B0B1CFA8816003D2F13 /* Release */ = {
			isa = XCBuildConfiguration;
			buildSettings = {
				ALWAYS_SEARCH_USER_PATHS = NO;
				CLANG_ANALYZER_NONNULL = YES;
				CLANG_CXX_LANGUAGE_STANDARD = "gnu++0x";
				CLANG_CXX_LIBRARY = "libc++";
				CLANG_ENABLE_MODULES = YES;
				CLANG_ENABLE_OBJC_ARC = YES;
				CLANG_WARN_BOOL_CONVERSION = YES;
				CLANG_WARN_CONSTANT_CONVERSION = YES;
				CLANG_WARN_DIRECT_OBJC_ISA_USAGE = YES_ERROR;
				CLANG_WARN_EMPTY_BODY = YES;
				CLANG_WARN_ENUM_CONVERSION = YES;
				CLANG_WARN_INT_CONVERSION = YES;
				CLANG_WARN_OBJC_ROOT_CLASS = YES_ERROR;
				CLANG_WARN_UNREACHABLE_CODE = YES;
				CLANG_WARN__DUPLICATE_METHOD_MATCH = YES;
				"CODE_SIGN_IDENTITY[sdk=iphoneos*]" = "iPhone Developer";
				COPY_PHASE_STRIP = NO;
				DEBUG_INFORMATION_FORMAT = "dwarf-with-dsym";
				ENABLE_NS_ASSERTIONS = NO;
				ENABLE_STRICT_OBJC_MSGSEND = YES;
				GCC_C_LANGUAGE_STANDARD = gnu99;
				GCC_NO_COMMON_BLOCKS = YES;
				GCC_WARN_64_TO_32_BIT_CONVERSION = YES;
				GCC_WARN_ABOUT_RETURN_TYPE = YES_ERROR;
				GCC_WARN_UNDECLARED_SELECTOR = YES;
				GCC_WARN_UNINITIALIZED_AUTOS = YES_AGGRESSIVE;
				GCC_WARN_UNUSED_FUNCTION = YES;
				GCC_WARN_UNUSED_VARIABLE = YES;
				IPHONEOS_DEPLOYMENT_TARGET = 9.3;
				MTL_ENABLE_DEBUG_INFO = NO;
				SDKROOT = iphoneos;
				VALIDATE_PRODUCT = YES;
			};
			name = Release;
		};
		F8CD5B0D1CFA8816003D2F13 /* Debug */ = {
			isa = XCBuildConfiguration;
			buildSettings = {
				ASSETCATALOG_COMPILER_APPICON_NAME = AppIcon;
				INFOPLIST_FILE = Playlist/Info.plist;
				LD_RUNPATH_SEARCH_PATHS = "$(inherited) @executable_path/Frameworks";
				PRODUCT_BUNDLE_IDENTIFIER = com.cookrin.Playlist;
				PRODUCT_NAME = "$(TARGET_NAME)";
			};
			name = Debug;
		};
		F8CD5B0E1CFA8816003D2F13 /* Release */ = {
			isa = XCBuildConfiguration;
			buildSettings = {
				ASSETCATALOG_COMPILER_APPICON_NAME = AppIcon;
				INFOPLIST_FILE = Playlist/Info.plist;
				LD_RUNPATH_SEARCH_PATHS = "$(inherited) @executable_path/Frameworks";
				PRODUCT_BUNDLE_IDENTIFIER = com.cookrin.Playlist;
				PRODUCT_NAME = "$(TARGET_NAME)";
			};
			name = Release;
		};
/* End XCBuildConfiguration section */

/* Begin XCConfigurationList section */
		F8CD5AF51CFA8816003D2F13 /* Build configuration list for PBXProject "Playlist" */ = {
			isa = XCConfigurationList;
			buildConfigurations = (
				F8CD5B0A1CFA8816003D2F13 /* Debug */,
				F8CD5B0B1CFA8816003D2F13 /* Release */,
			);
			defaultConfigurationIsVisible = 0;
			defaultConfigurationName = Release;
		};
		F8CD5B0C1CFA8816003D2F13 /* Build configuration list for PBXNativeTarget "Playlist" */ = {
			isa = XCConfigurationList;
			buildConfigurations = (
				F8CD5B0D1CFA8816003D2F13 /* Debug */,
				F8CD5B0E1CFA8816003D2F13 /* Release */,
			);
			defaultConfigurationIsVisible = 0;
			defaultConfigurationName = Release;
		};
/* End XCConfigurationList section */
	};
	rootObject = F8CD5AF21CFA8816003D2F13 /* Project object */;
}
